
Microsoft Visual Studio Solution File, Format Version 12.00
# Visual Studio Version 17
VisualStudioVersion = 17.4.33205.214
MinimumVisualStudioVersion = 10.0.40219.1
Project("{FAE04EC0-301F-11D3-BF4B-00C04F79EFBC}") = "WindowsFormsApp1", "WindowsFormsApp1\WindowsFormsApp1.csproj", "{07321756-8FA0-43CF-B6DF-335C6979F454}"
EndProject
Global
	GlobalSection(SolutionConfigurationPlatforms) = preSolution
		Debug|Any CPU = Debug|Any CPU
		Release|Any CPU = Release|Any CPU
	EndGlobalSection
	GlobalSection(ProjectConfigurationPlatforms) = postSolution
		{07321756-8FA0-43CF-B6DF-335C6979F454}.Debug|Any CPU.ActiveCfg = Debug|Any CPU
		{07321756-8FA0-43CF-B6DF-335C6979F454}.Debug|Any CPU.Build.0 = Debug|Any CPU
		{07321756-8FA0-43CF-B6DF-335C6979F454}.Release|Any CPU.ActiveCfg = Release|Any CPU
		{07321756-8FA0-43CF-B6DF-335C6979F454}.Release|Any CPU.Build.0 = Release|Any CPU
	EndGlobalSection
	GlobalSection(SolutionProperties) = preSolution
		HideSolutionNode = FALSE
	EndGlobalSection
	GlobalSection(ExtensibilityGlobals) = postSolution
		SolutionGuid = {6092A25F-5079-48B8-9A1D-BCD4FEF3F384}
	EndGlobalSection
EndGlobal
